<Solution>
  <Folder Name="/Tests/">
    <Project Path="Autograd.Engine.Tests/Autograd.Engine.Tests.csproj" />
  </Folder>
  <Project Path="Autograd.CNN/Autograd.CNN.csproj" />
  <Project Path="Autograd.Engine/Autograd.Engine.csproj" />
  <Project Path="Autograd.MLP/Autograd.MLP.csproj" />
  <Project Path="Autograd/Autograd.csproj" />
</Solution>
